{
  "name": "frontity-chakra-theme",
  "version": "0.0.2",
  "lockfileVersion": 1,
  "requires": true,
  "dependencies": {
    "@frontity/hooks": {
      "version": "1.1.13",
      "resolved": "https://registry.npmjs.org/@frontity/hooks/-/hooks-1.1.13.tgz",
      "integrity": "sha512-ZTZnKNqRX18/sYpSXRSHjRIka4huif3RJzGo6dCnwS9FUtLRPGX/E1peZJTtOXfGidDtgPR326MijcBm0ZjVIw=="
    },
    "react-awesome-slider": {
      "version": "4.1.0",
      "resolved": "https://registry.npmjs.org/react-awesome-slider/-/react-awesome-slider-4.1.0.tgz",
      "integrity": "sha512-cbPI1MTpVLKbEH6gf9bwtJb8Ja6R/YJonKbUQehfq2B2AAJkgDMeHntaa4SgGCRqWd55xKiT+CkjfKau1QRsKw==",
      "requires": {
        "web-animation-club": "^0.6.0"
      }
    },
    "web-animation-club": {
      "version": "0.6.0",
      "resolved": "https://registry.npmjs.org/web-animation-club/-/web-animation-club-0.6.0.tgz",
      "integrity": "sha512-9W+EQu1HiaPLe/7WZlhJ2ULqQ4VL80RPDYW+ZcjfTKp6ayOuT1k3SVO6+tu0VBRmOqueJ/mrG+rjjInIv8Aglg=="
    }
  }
}
